
Microsoft Visual Studio Solution File, Format Version 12.00
# Visual Studio Version 17
VisualStudioVersion = 17.4.33122.133
MinimumVisualStudioVersion = 10.0.40219.1
Project("{FAE04EC0-301F-11D3-BF4B-00C04F79EFBC}") = "Suleymanov_lab4", "Suleymanov_lab4\Suleymanov_lab4.csproj", "{B081F88D-209C-454C-862A-7630279EFDEF}"
EndProject
Global
	GlobalSection(SolutionConfigurationPlatforms) = preSolution
		Debug|Any CPU = Debug|Any CPU
		Release|Any CPU = Release|Any CPU
	EndGlobalSection
	GlobalSection(ProjectConfigurationPlatforms) = postSolution
		{B081F88D-209C-454C-862A-7630279EFDEF}.Debug|Any CPU.ActiveCfg = Debug|Any CPU
		{B081F88D-209C-454C-862A-7630279EFDEF}.Debug|Any CPU.Build.0 = Debug|Any CPU
		{B081F88D-209C-454C-862A-7630279EFDEF}.Release|Any CPU.ActiveCfg = Release|Any CPU
		{B081F88D-209C-454C-862A-7630279EFDEF}.Release|Any CPU.Build.0 = Release|Any CPU
	EndGlobalSection
	GlobalSection(SolutionProperties) = preSolution
		HideSolutionNode = FALSE
	EndGlobalSection
	GlobalSection(ExtensibilityGlobals) = postSolution
		SolutionGuid = {CDB13EC5-ACC4-418C-9646-DBAC47DC63C1}
	EndGlobalSection
EndGlobal
